
Microsoft Visual Studio Solution File, Format Version 12.00
# Visual Studio Version 17
VisualStudioVersion = 17.14.36109.1
MinimumVisualStudioVersion = 10.0.40219.1
Project("{FAE04EC0-301F-11D3-BF4B-00C04F79EFBC}") = "MR.Tech.Storage", "MR.Tech.Storage.csproj", "{69E98A23-865D-44A0-B7C4-66FE6B503E48}"
EndProject
Project("{FAE04EC0-301F-11D3-BF4B-00C04F79EFBC}") = "MR.Tech.Storage.Testes", "..\MR.Tech.Storage.Testes\MR.Tech.Storage.Testes.csproj", "{CDD8868E-73FC-462B-A6E9-05D4192D59B9}"
EndProject
Global
	GlobalSection(SolutionConfigurationPlatforms) = preSolution
		Debug|Any CPU = Debug|Any CPU
		Release|Any CPU = Release|Any CPU
	EndGlobalSection
	GlobalSection(ProjectConfigurationPlatforms) = postSolution
		{69E98A23-865D-44A0-B7C4-66FE6B503E48}.Debug|Any CPU.ActiveCfg = Debug|Any CPU
		{69E98A23-865D-44A0-B7C4-66FE6B503E48}.Debug|Any CPU.Build.0 = Debug|Any CPU
		{69E98A23-865D-44A0-B7C4-66FE6B503E48}.Release|Any CPU.ActiveCfg = Release|Any CPU
		{69E98A23-865D-44A0-B7C4-66FE6B503E48}.Release|Any CPU.Build.0 = Release|Any CPU
		{CDD8868E-73FC-462B-A6E9-05D4192D59B9}.Debug|Any CPU.ActiveCfg = Debug|Any CPU
		{CDD8868E-73FC-462B-A6E9-05D4192D59B9}.Debug|Any CPU.Build.0 = Debug|Any CPU
		{CDD8868E-73FC-462B-A6E9-05D4192D59B9}.Release|Any CPU.ActiveCfg = Release|Any CPU
		{CDD8868E-73FC-462B-A6E9-05D4192D59B9}.Release|Any CPU.Build.0 = Release|Any CPU
	EndGlobalSection
	GlobalSection(SolutionProperties) = preSolution
		HideSolutionNode = FALSE
	EndGlobalSection
	GlobalSection(ExtensibilityGlobals) = postSolution
		SolutionGuid = {801578A4-AB2A-461B-A7F1-CF69608EA49D}
	EndGlobalSection
EndGlobal
